
Microsoft Visual Studio Solution File, Format Version 12.00
# Visual Studio Version 17
VisualStudioVersion = 17.7.34031.279
MinimumVisualStudioVersion = 10.0.40219.1
Project("{FAE04EC0-301F-11D3-BF4B-00C04F79EFBC}") = "Test", "Test\Test.csproj", "{8CADD6C7-AC65-42E3-8C1A-D82C6E31EECB}"
EndProject
Global
	GlobalSection(SolutionConfigurationPlatforms) = preSolution
		Debug|Any CPU = Debug|Any CPU
		Release|Any CPU = Release|Any CPU
	EndGlobalSection
	GlobalSection(ProjectConfigurationPlatforms) = postSolution
		{8CADD6C7-AC65-42E3-8C1A-D82C6E31EECB}.Debug|Any CPU.ActiveCfg = Debug|Any CPU
		{8CADD6C7-AC65-42E3-8C1A-D82C6E31EECB}.Debug|Any CPU.Build.0 = Debug|Any CPU
		{8CADD6C7-AC65-42E3-8C1A-D82C6E31EECB}.Release|Any CPU.ActiveCfg = Release|Any CPU
		{8CADD6C7-AC65-42E3-8C1A-D82C6E31EECB}.Release|Any CPU.Build.0 = Release|Any CPU
	EndGlobalSection
	GlobalSection(SolutionProperties) = preSolution
		HideSolutionNode = FALSE
	EndGlobalSection
	GlobalSection(ExtensibilityGlobals) = postSolution
		SolutionGuid = {A09966FE-26E3-4183-85F1-05089EACBC37}
	EndGlobalSection
EndGlobal
